
Microsoft Visual Studio Solution File, Format Version 12.00
# Visual Studio Version 16
VisualStudioVersion = 16.0.31321.278
MinimumVisualStudioVersion = 10.0.40219.1
Project("{888888A0-9F3D-457C-B088-3A5042F75D52}") = "MSPainter", "MSPainter\MSPainter.pyproj", "{C9D78302-A0EF-4691-B964-D580D658F4B4}"
EndProject
Global
	GlobalSection(SolutionConfigurationPlatforms) = preSolution
		Debug|Any CPU = Debug|Any CPU
		Release|Any CPU = Release|Any CPU
	EndGlobalSection
	GlobalSection(ProjectConfigurationPlatforms) = postSolution
		{C9D78302-A0EF-4691-B964-D580D658F4B4}.Debug|Any CPU.ActiveCfg = Debug|Any CPU
		{C9D78302-A0EF-4691-B964-D580D658F4B4}.Release|Any CPU.ActiveCfg = Release|Any CPU
	EndGlobalSection
	GlobalSection(SolutionProperties) = preSolution
		HideSolutionNode = FALSE
	EndGlobalSection
	GlobalSection(ExtensibilityGlobals) = postSolution
		SolutionGuid = {959CFCC4-C3DD-4D76-9B41-7B68C47772A4}
	EndGlobalSection
EndGlobal
